// !$*UTF8*$!
{
	archiveVersion = 1;
	classes = {
	};
	objectVersion = 46;
	objects = {

/* Begin PBXBuildFile section */
		989E5EAA1E5BA8160035F33D /* main_ws.cpp in Sources */ = {isa = PBXBuildFile; fileRef = 989E5EA91E5BA8160035F33D /* main_ws.cpp */; };
		989E5EEA1E5BF7010035F33D /* xstring.cpp in Sources */ = {isa = PBXBuildFile; fileRef = 989E5EDF1E5BA8900035F33D /* xstring.cpp */; };
		98D347281E5E0AF5008C6360 /* wordsmith.cpp in Sources */ = {isa = PBXBuildFile; fileRef = 989E5EE11E5BA8D10035F33D /* wordsmith.cpp */; };
/* End PBXBuildFile section */

/* Begin PBXCopyFilesBuildPhase section */
		989E5E931E5BA3560035F33D /* CopyFiles */ = {
			isa = PBXCopyFilesBuildPhase;
			buildActionMask = 2147483647;
			dstPath = /usr/share/man/man1/;
			dstSubfolderSpec = 0;
			files = (
			);
			runOnlyForDeploymentPostprocessing = 1;
		};
/* End PBXCopyFilesBuildPhase section */

/* Begin PBXFileReference section */
		985BBD081E5D15170073F943 /* cleanfile.out */ = {isa = PBXFileReference; fileEncoding = 4; lastKnownFileType = text; name = cleanfile.out; path = ../cleanfile.out; sourceTree = "<group>"; };
		985BBD091E5D1BB30073F943 /* datamassive.in */ = {isa = PBXFileReference; fileEncoding = 4; lastKnownFileType = text; name = datamassive.in; path = ../datamassive.in; sourceTree = "<group>"; };
		985BBD0A1E5D1C810073F943 /* cleanfile.in */ = {isa = PBXFileReference; lastKnownFileType = text; name = cleanfile.in; path = ../cleanfile.in; sourceTree = "<group>"; };
		985BBD0B1E5D3E5D0073F943 /* cleanup.eg */ = {isa = PBXFileReference; fileEncoding = 4; lastKnownFileType = text; name = cleanup.eg; path = ../cleanup.eg; sourceTree = "<group>"; };
		989E5E951E5BA3560035F33D /* FSU Wordsmith */ = {isa = PBXFileReference; explicitFileType = "compiled.mach-o.executable"; includeInIndex = 0; path = "FSU Wordsmith"; sourceTree = BUILT_PRODUCTS_DIR; };
		989E5EA01E5BA8160035F33D /* cleanup.eg.com */ = {isa = PBXFileReference; fileEncoding = 4; lastKnownFileType = text; name = cleanup.eg.com; path = ../cleanup.eg.com; sourceTree = "<group>"; };
		989E5EA11E5BA8160035F33D /* cleanup.rulz */ = {isa = PBXFileReference; fileEncoding = 4; lastKnownFileType = text; name = cleanup.rulz; path = ../cleanup.rulz; sourceTree = "<group>"; };
		989E5EA21E5BA8160035F33D /* data0.in */ = {isa = PBXFileReference; fileEncoding = 4; lastKnownFileType = text; name = data0.in; path = ../data0.in; sourceTree = "<group>"; };
		989E5EA31E5BA8160035F33D /* data1.in */ = {isa = PBXFileReference; fileEncoding = 4; lastKnownFileType = text; name = data1.in; path = ../data1.in; sourceTree = "<group>"; };
		989E5EA41E5BA8160035F33D /* data2.in */ = {isa = PBXFileReference; fileEncoding = 4; lastKnownFileType = text; name = data2.in; path = ../data2.in; sourceTree = "<group>"; };
		989E5EA51E5BA8160035F33D /* data3.in */ = {isa = PBXFileReference; fileEncoding = 4; lastKnownFileType = text; name = data3.in; path = ../data3.in; sourceTree = "<group>"; };
		989E5EA61E5BA8160035F33D /* data4.in */ = {isa = PBXFileReference; fileEncoding = 4; lastKnownFileType = text; name = data4.in; path = ../data4.in; sourceTree = "<group>"; };
		989E5EA71E5BA8160035F33D /* data5.in */ = {isa = PBXFileReference; fileEncoding = 4; lastKnownFileType = text; name = data5.in; path = ../data5.in; sourceTree = "<group>"; };
		989E5EA81E5BA8160035F33D /* data6.in */ = {isa = PBXFileReference; fileEncoding = 4; lastKnownFileType = text; name = data6.in; path = ../data6.in; sourceTree = "<group>"; };
		989E5EA91E5BA8160035F33D /* main_ws.cpp */ = {isa = PBXFileReference; fileEncoding = 4; lastKnownFileType = sourcecode.cpp.cpp; name = main_ws.cpp; path = ../main_ws.cpp; sourceTree = "<group>"; };
		989E5EB01E5BA8900035F33D /* ansicodes.h */ = {isa = PBXFileReference; lastKnownFileType = sourcecode.c.h; path = ansicodes.h; sourceTree = "<group>"; };
		989E5EB11E5BA8900035F33D /* CHAR.h */ = {isa = PBXFileReference; lastKnownFileType = sourcecode.c.h; path = CHAR.h; sourceTree = "<group>"; };
		989E5EB21E5BA8900035F33D /* compare.h */ = {isa = PBXFileReference; lastKnownFileType = sourcecode.c.h; path = compare.h; sourceTree = "<group>"; };
		989E5EB31E5BA8900035F33D /* debug.h */ = {isa = PBXFileReference; lastKnownFileType = sourcecode.c.h; path = debug.h; sourceTree = "<group>"; };
		989E5EB41E5BA8900035F33D /* deque.cpp */ = {isa = PBXFileReference; lastKnownFileType = sourcecode.cpp.cpp; path = deque.cpp; sourceTree = "<group>"; };
		989E5EB51E5BA8900035F33D /* deque.h */ = {isa = PBXFileReference; lastKnownFileType = sourcecode.c.h; path = deque.h; sourceTree = "<group>"; };
		989E5EB61E5BA8900035F33D /* entry.h */ = {isa = PBXFileReference; lastKnownFileType = sourcecode.c.h; path = entry.h; sourceTree = "<group>"; };
		989E5EB71E5BA8900035F33D /* fdeque.cpp */ = {isa = PBXFileReference; lastKnownFileType = sourcecode.cpp.cpp; path = fdeque.cpp; sourceTree = "<group>"; };
		989E5EB81E5BA8900035F33D /* fgss.cpp */ = {isa = PBXFileReference; lastKnownFileType = sourcecode.cpp.cpp; path = fgss.cpp; sourceTree = "<group>"; };
		989E5EB91E5BA8900035F33D /* finteger.cpp */ = {isa = PBXFileReference; lastKnownFileType = sourcecode.cpp.cpp; path = finteger.cpp; sourceTree = "<group>"; };
		989E5EBA1E5BA8900035F33D /* flist.cpp */ = {isa = PBXFileReference; lastKnownFileType = sourcecode.cpp.cpp; path = flist.cpp; sourceTree = "<group>"; };
		989E5EBB1E5BA8900035F33D /* flist2c.cpp */ = {isa = PBXFileReference; lastKnownFileType = sourcecode.cpp.cpp; path = flist2c.cpp; sourceTree = "<group>"; };
		989E5EBC1E5BA8900035F33D /* fqueue.cpp */ = {isa = PBXFileReference; lastKnownFileType = sourcecode.cpp.cpp; path = fqueue.cpp; sourceTree = "<group>"; };
		989E5EBD1E5BA8900035F33D /* fstack.cpp */ = {isa = PBXFileReference; lastKnownFileType = sourcecode.cpp.cpp; path = fstack.cpp; sourceTree = "<group>"; };
		989E5EBE1E5BA8900035F33D /* ftimer.cpp */ = {isa = PBXFileReference; lastKnownFileType = sourcecode.cpp.cpp; path = ftimer.cpp; sourceTree = "<group>"; };
		989E5EBF1E5BA8900035F33D /* fvector.cpp */ = {isa = PBXFileReference; lastKnownFileType = sourcecode.cpp.cpp; path = fvector.cpp; sourceTree = "<group>"; };
		989E5EC01E5BA8900035F33D /* gbsearch.h */ = {isa = PBXFileReference; lastKnownFileType = sourcecode.c.h; path = gbsearch.h; sourceTree = "<group>"; };
		989E5EC11E5BA8900035F33D /* genalg.h */ = {isa = PBXFileReference; lastKnownFileType = sourcecode.c.h; path = genalg.h; sourceTree = "<group>"; };
		989E5EC21E5BA8900035F33D /* gheap.h */ = {isa = PBXFileReference; lastKnownFileType = sourcecode.c.h; path = gheap.h; sourceTree = "<group>"; };
		989E5EC31E5BA8900035F33D /* gsort.h */ = {isa = PBXFileReference; lastKnownFileType = sourcecode.c.h; path = gsort.h; sourceTree = "<group>"; };
		989E5EC41E5BA8900035F33D /* insert.h */ = {isa = PBXFileReference; lastKnownFileType = sourcecode.c.h; path = insert.h; sourceTree = "<group>"; };
		989E5EC51E5BA8900035F33D /* integer.cpp */ = {isa = PBXFileReference; lastKnownFileType = sourcecode.cpp.cpp; path = integer.cpp; sourceTree = "<group>"; };
		989E5EC61E5BA8900035F33D /* integer.h */ = {isa = PBXFileReference; lastKnownFileType = sourcecode.c.h; path = integer.h; sourceTree = "<group>"; };
		989E5EC71E5BA8900035F33D /* iostream.txt */ = {isa = PBXFileReference; lastKnownFileType = text; path = iostream.txt; sourceTree = "<group>"; };
		989E5EC81E5BA8900035F33D /* list_macro.cpp */ = {isa = PBXFileReference; lastKnownFileType = sourcecode.cpp.cpp; path = list_macro.cpp; sourceTree = "<group>"; };
		989E5EC91E5BA8900035F33D /* list_sort.cpp */ = {isa = PBXFileReference; lastKnownFileType = sourcecode.cpp.cpp; path = list_sort.cpp; sourceTree = "<group>"; };
		989E5ECA1E5BA8900035F33D /* list.cpp */ = {isa = PBXFileReference; lastKnownFileType = sourcecode.cpp.cpp; path = list.cpp; sourceTree = "<group>"; };
		989E5ECB1E5BA8900035F33D /* list.h */ = {isa = PBXFileReference; lastKnownFileType = sourcecode.c.h; path = list.h; sourceTree = "<group>"; };
		989E5ECC1E5BA8900035F33D /* list2c_macro.cpp */ = {isa = PBXFileReference; lastKnownFileType = sourcecode.cpp.cpp; path = list2c_macro.cpp; sourceTree = "<group>"; };
		989E5ECD1E5BA8900035F33D /* mlist.cpp */ = {isa = PBXFileReference; lastKnownFileType = sourcecode.cpp.cpp; path = mlist.cpp; sourceTree = "<group>"; };
		989E5ECE1E5BA8900035F33D /* mlist2c.cpp */ = {isa = PBXFileReference; lastKnownFileType = sourcecode.cpp.cpp; path = mlist2c.cpp; sourceTree = "<group>"; };
		989E5ECF1E5BA8900035F33D /* olist.h */ = {isa = PBXFileReference; lastKnownFileType = sourcecode.c.h; path = olist.h; sourceTree = "<group>"; };
		989E5ED01E5BA8900035F33D /* ovector.h */ = {isa = PBXFileReference; lastKnownFileType = sourcecode.c.h; path = ovector.h; sourceTree = "<group>"; };
		989E5ED11E5BA8900035F33D /* pair.h */ = {isa = PBXFileReference; lastKnownFileType = sourcecode.c.h; path = pair.h; sourceTree = "<group>"; };
		989E5ED21E5BA8900035F33D /* queue.h */ = {isa = PBXFileReference; lastKnownFileType = sourcecode.c.h; path = queue.h; sourceTree = "<group>"; };
		989E5ED31E5BA8900035F33D /* rbsearch.h */ = {isa = PBXFileReference; lastKnownFileType = sourcecode.c.h; path = rbsearch.h; sourceTree = "<group>"; };
		989E5ED41E5BA8900035F33D /* README */ = {isa = PBXFileReference; lastKnownFileType = text; path = README; sourceTree = "<group>"; };
		989E5ED51E5BA8900035F33D /* require.h */ = {isa = PBXFileReference; lastKnownFileType = sourcecode.c.h; path = require.h; sourceTree = "<group>"; };
		989E5ED61E5BA8900035F33D /* stack.h */ = {isa = PBXFileReference; lastKnownFileType = sourcecode.c.h; path = stack.h; sourceTree = "<group>"; };
		989E5ED71E5BA8900035F33D /* timer.cpp */ = {isa = PBXFileReference; lastKnownFileType = sourcecode.cpp.cpp; path = timer.cpp; sourceTree = "<group>"; };
		989E5ED81E5BA8900035F33D /* timer.h */ = {isa = PBXFileReference; lastKnownFileType = sourcecode.c.h; path = timer.h; sourceTree = "<group>"; };
		989E5ED91E5BA8900035F33D /* vector.cpp */ = {isa = PBXFileReference; lastKnownFileType = sourcecode.cpp.cpp; path = vector.cpp; sourceTree = "<group>"; };
		989E5EDA1E5BA8900035F33D /* vector.h */ = {isa = PBXFileReference; lastKnownFileType = sourcecode.c.h; path = vector.h; sourceTree = "<group>"; };
		989E5EDB1E5BA8900035F33D /* xran.cpp */ = {isa = PBXFileReference; lastKnownFileType = sourcecode.cpp.cpp; path = xran.cpp; sourceTree = "<group>"; };
		989E5EDC1E5BA8900035F33D /* xran.h */ = {isa = PBXFileReference; lastKnownFileType = sourcecode.c.h; path = xran.h; sourceTree = "<group>"; };
		989E5EDD1E5BA8900035F33D /* xranxstr.cpp */ = {isa = PBXFileReference; lastKnownFileType = sourcecode.cpp.cpp; path = xranxstr.cpp; sourceTree = "<group>"; };
		989E5EDE1E5BA8900035F33D /* xranxstr.h */ = {isa = PBXFileReference; lastKnownFileType = sourcecode.c.h; path = xranxstr.h; sourceTree = "<group>"; };
		989E5EDF1E5BA8900035F33D /* xstring.cpp */ = {isa = PBXFileReference; lastKnownFileType = sourcecode.cpp.cpp; path = xstring.cpp; sourceTree = "<group>"; };
		989E5EE01E5BA8900035F33D /* xstring.h */ = {isa = PBXFileReference; lastKnownFileType = sourcecode.c.h; path = xstring.h; sourceTree = "<group>"; };
		989E5EE11E5BA8D10035F33D /* wordsmith.cpp */ = {isa = PBXFileReference; lastKnownFileType = sourcecode.cpp.cpp; name = wordsmith.cpp; path = ../wordsmith.cpp; sourceTree = "<group>"; };
		989E5EE21E5BA8D10035F33D /* wordsmith.h */ = {isa = PBXFileReference; lastKnownFileType = sourcecode.c.h; name = wordsmith.h; path = ../wordsmith.h; sourceTree = "<group>"; };
		989E5EE41E5BED120035F33D /* cleanup.cpp */ = {isa = PBXFileReference; lastKnownFileType = sourcecode.cpp.cpp; name = cleanup.cpp; path = ../cleanup.cpp; sourceTree = "<group>"; };
/* End PBXFileReference section */

/* Begin PBXFrameworksBuildPhase section */
		989E5E921E5BA3560035F33D /* Frameworks */ = {
			isa = PBXFrameworksBuildPhase;
			buildActionMask = 2147483647;
			files = (
			);
			runOnlyForDeploymentPostprocessing = 0;
		};
/* End PBXFrameworksBuildPhase section */

/* Begin PBXGroup section */
		989E5E8C1E5BA3560035F33D = {
			isa = PBXGroup;
			children = (
				989E5EE51E5BEF540035F33D /* Immediate Files */,
				989E5EAB1E5BA83D0035F33D /* Support Files */,
				989E5E971E5BA3560035F33D /* FSU Wordsmith */,
				989E5E961E5BA3560035F33D /* Products */,
			);
			sourceTree = "<group>";
		};
		989E5E961E5BA3560035F33D /* Products */ = {
			isa = PBXGroup;
			children = (
				989E5E951E5BA3560035F33D /* FSU Wordsmith */,
			);
			name = Products;
			sourceTree = "<group>";
		};
		989E5E971E5BA3560035F33D /* FSU Wordsmith */ = {
			isa = PBXGroup;
			children = (
				985BBD0B1E5D3E5D0073F943 /* cleanup.eg */,
				985BBD0A1E5D1C810073F943 /* cleanfile.in */,
				985BBD091E5D1BB30073F943 /* datamassive.in */,
				985BBD081E5D15170073F943 /* cleanfile.out */,
				989E5EE11E5BA8D10035F33D /* wordsmith.cpp */,
				989E5EE41E5BED120035F33D /* cleanup.cpp */,
				989E5EE21E5BA8D10035F33D /* wordsmith.h */,
				989E5EA91E5BA8160035F33D /* main_ws.cpp */,
				989E5EA01E5BA8160035F33D /* cleanup.eg.com */,
				989E5EA11E5BA8160035F33D /* cleanup.rulz */,
				989E5EA21E5BA8160035F33D /* data0.in */,
				989E5EA31E5BA8160035F33D /* data1.in */,
				989E5EA41E5BA8160035F33D /* data2.in */,
				989E5EA51E5BA8160035F33D /* data3.in */,
				989E5EA61E5BA8160035F33D /* data4.in */,
				989E5EA71E5BA8160035F33D /* data5.in */,
				989E5EA81E5BA8160035F33D /* data6.in */,
			);
			path = "FSU Wordsmith";
			sourceTree = "<group>";
		};
		989E5EAB1E5BA83D0035F33D /* Support Files */ = {
			isa = PBXGroup;
			children = (
				989E5EB01E5BA8900035F33D /* ansicodes.h */,
				989E5EB11E5BA8900035F33D /* CHAR.h */,
				989E5EB21E5BA8900035F33D /* compare.h */,
				989E5EB31E5BA8900035F33D /* debug.h */,
				989E5EB41E5BA8900035F33D /* deque.cpp */,
				989E5EB51E5BA8900035F33D /* deque.h */,
				989E5EB61E5BA8900035F33D /* entry.h */,
				989E5EB71E5BA8900035F33D /* fdeque.cpp */,
				989E5EB81E5BA8900035F33D /* fgss.cpp */,
				989E5EB91E5BA8900035F33D /* finteger.cpp */,
				989E5EBA1E5BA8900035F33D /* flist.cpp */,
				989E5EBB1E5BA8900035F33D /* flist2c.cpp */,
				989E5EBC1E5BA8900035F33D /* fqueue.cpp */,
				989E5EBD1E5BA8900035F33D /* fstack.cpp */,
				989E5EBE1E5BA8900035F33D /* ftimer.cpp */,
				989E5EBF1E5BA8900035F33D /* fvector.cpp */,
				989E5EC01E5BA8900035F33D /* gbsearch.h */,
				989E5EC11E5BA8900035F33D /* genalg.h */,
				989E5EC21E5BA8900035F33D /* gheap.h */,
				989E5EC31E5BA8900035F33D /* gsort.h */,
				989E5EC41E5BA8900035F33D /* insert.h */,
				989E5EC51E5BA8900035F33D /* integer.cpp */,
				989E5EC61E5BA8900035F33D /* integer.h */,
				989E5EC71E5BA8900035F33D /* iostream.txt */,
				989E5EC81E5BA8900035F33D /* list_macro.cpp */,
				989E5EC91E5BA8900035F33D /* list_sort.cpp */,
				989E5ECA1E5BA8900035F33D /* list.cpp */,
				989E5ECC1E5BA8900035F33D /* list2c_macro.cpp */,
				989E5ECD1E5BA8900035F33D /* mlist.cpp */,
				989E5ECE1E5BA8900035F33D /* mlist2c.cpp */,
				989E5ED21E5BA8900035F33D /* queue.h */,
				989E5ED31E5BA8900035F33D /* rbsearch.h */,
				989E5ED41E5BA8900035F33D /* README */,
				989E5ED51E5BA8900035F33D /* require.h */,
				989E5ED61E5BA8900035F33D /* stack.h */,
				989E5ED71E5BA8900035F33D /* timer.cpp */,
				989E5ED81E5BA8900035F33D /* timer.h */,
				989E5ED91E5BA8900035F33D /* vector.cpp */,
				989E5EDA1E5BA8900035F33D /* vector.h */,
				989E5EDB1E5BA8900035F33D /* xran.cpp */,
				989E5EDC1E5BA8900035F33D /* xran.h */,
				989E5EDD1E5BA8900035F33D /* xranxstr.cpp */,
				989E5EDE1E5BA8900035F33D /* xranxstr.h */,
			);
			name = "Support Files";
			sourceTree = "<group>";
		};
		989E5EE51E5BEF540035F33D /* Immediate Files */ = {
			isa = PBXGroup;
			children = (
				989E5ECF1E5BA8900035F33D /* olist.h */,
				989E5ED01E5BA8900035F33D /* ovector.h */,
				989E5ED11E5BA8900035F33D /* pair.h */,
				989E5EE01E5BA8900035F33D /* xstring.h */,
				989E5EDF1E5BA8900035F33D /* xstring.cpp */,
				989E5ECB1E5BA8900035F33D /* list.h */,
			);
			name = "Immediate Files";
			sourceTree = "<group>";
		};
/* End PBXGroup section */

/* Begin PBXNativeTarget section */
		989E5E941E5BA3560035F33D /* FSU Wordsmith */ = {
			isa = PBXNativeTarget;
			buildConfigurationList = 989E5E9C1E5BA3560035F33D /* Build configuration list for PBXNativeTarget "FSU Wordsmith" */;
			buildPhases = (
				989E5E911E5BA3560035F33D /* Sources */,
				989E5E921E5BA3560035F33D /* Frameworks */,
				989E5E931E5BA3560035F33D /* CopyFiles */,
			);
			buildRules = (
			);
			dependencies = (
			);
			name = "FSU Wordsmith";
			productName = "FSU Wordsmith";
			productReference = 989E5E951E5BA3560035F33D /* FSU Wordsmith */;
			productType = "com.apple.product-type.tool";
		};
/* End PBXNativeTarget section */

/* Begin PBXProject section */
		989E5E8D1E5BA3560035F33D /* Project object */ = {
			isa = PBXProject;
			attributes = {
				LastUpgradeCheck = 0810;
				ORGANIZATIONNAME = FSU;
				TargetAttributes = {
					989E5E941E5BA3560035F33D = {
						CreatedOnToolsVersion = 8.1;
						ProvisioningStyle = Automatic;
					};
				};
			};
			buildConfigurationList = 989E5E901E5BA3560035F33D /* Build configuration list for PBXProject "FSU Wordsmith" */;
			compatibilityVersion = "Xcode 3.2";
			developmentRegion = English;
			hasScannedForEncodings = 0;
			knownRegions = (
				en,
			);
			mainGroup = 989E5E8C1E5BA3560035F33D;
			productRefGroup = 989E5E961E5BA3560035F33D /* Products */;
			projectDirPath = "";
			projectRoot = "";
			targets = (
				989E5E941E5BA3560035F33D /* FSU Wordsmith */,
			);
		};
/* End PBXProject section */

/* Begin PBXSourcesBuildPhase section */
		989E5E911E5BA3560035F33D /* Sources */ = {
			isa = PBXSourcesBuildPhase;
			buildActionMask = 2147483647;
			files = (
				98D347281E5E0AF5008C6360 /* wordsmith.cpp in Sources */,
				989E5EEA1E5BF7010035F33D /* xstring.cpp in Sources */,
				989E5EAA1E5BA8160035F33D /* main_ws.cpp in Sources */,
			);
			runOnlyForDeploymentPostprocessing = 0;
		};
/* End PBXSourcesBuildPhase section */

/* Begin XCBuildConfiguration section */
		989E5E9A1E5BA3560035F33D /* Debug */ = {
			isa = XCBuildConfiguration;
			buildSettings = {
				ALWAYS_SEARCH_USER_PATHS = NO;
				CLANG_ANALYZER_NONNULL = YES;
				CLANG_CXX_LANGUAGE_STANDARD = "gnu++0x";
				CLANG_CXX_LIBRARY = "libc++";
				CLANG_ENABLE_MODULES = YES;
				CLANG_ENABLE_OBJC_ARC = YES;
				CLANG_WARN_BOOL_CONVERSION = YES;
				CLANG_WARN_CONSTANT_CONVERSION = YES;
				CLANG_WARN_DIRECT_OBJC_ISA_USAGE = YES_ERROR;
				CLANG_WARN_DOCUMENTATION_COMMENTS = YES;
				CLANG_WARN_EMPTY_BODY = YES;
				CLANG_WARN_ENUM_CONVERSION = YES;
				CLANG_WARN_INFINITE_RECURSION = YES;
				CLANG_WARN_INT_CONVERSION = YES;
				CLANG_WARN_OBJC_ROOT_CLASS = YES_ERROR;
				CLANG_WARN_SUSPICIOUS_MOVES = YES;
				CLANG_WARN_UNREACHABLE_CODE = YES;
				CLANG_WARN__DUPLICATE_METHOD_MATCH = YES;
				CODE_SIGN_IDENTITY = "-";
				COPY_PHASE_STRIP = NO;
				DEBUG_INFORMATION_FORMAT = dwarf;
				ENABLE_STRICT_OBJC_MSGSEND = YES;
				ENABLE_TESTABILITY = YES;
				GCC_C_LANGUAGE_STANDARD = gnu99;
				GCC_DYNAMIC_NO_PIC = NO;
				GCC_NO_COMMON_BLOCKS = YES;
				GCC_OPTIMIZATION_LEVEL = 0;
				GCC_PREPROCESSOR_DEFINITIONS = (
					"DEBUG=1",
					"$(inherited)",
				);
				GCC_WARN_64_TO_32_BIT_CONVERSION = YES;
				GCC_WARN_ABOUT_RETURN_TYPE = YES_ERROR;
				GCC_WARN_UNDECLARED_SELECTOR = YES;
				GCC_WARN_UNINITIALIZED_AUTOS = YES_AGGRESSIVE;
				GCC_WARN_UNUSED_FUNCTION = YES;
				GCC_WARN_UNUSED_VARIABLE = YES;
				MACOSX_DEPLOYMENT_TARGET = 10.12;
				MTL_ENABLE_DEBUG_INFO = YES;
				ONLY_ACTIVE_ARCH = YES;
				OTHER_CPLUSPLUSFLAGS = "-I$(PROJECT_DIR)";
				SDKROOT = macosx;
			};
			name = Debug;
		};
		989E5E9B1E5BA3560035F33D /* Release */ = {
			isa = XCBuildConfiguration;
			buildSettings = {
				ALWAYS_SEARCH_USER_PATHS = NO;
				CLANG_ANALYZER_NONNULL = YES;
				CLANG_CXX_LANGUAGE_STANDARD = "gnu++0x";
				CLANG_CXX_LIBRARY = "libc++";
				CLANG_ENABLE_MODULES = YES;
				CLANG_ENABLE_OBJC_ARC = YES;
				CLANG_WARN_BOOL_CONVERSION = YES;
				CLANG_WARN_CONSTANT_CONVERSION = YES;
				CLANG_WARN_DIRECT_OBJC_ISA_USAGE = YES_ERROR;
				CLANG_WARN_DOCUMENTATION_COMMENTS = YES;
				CLANG_WARN_EMPTY_BODY = YES;
				CLANG_WARN_ENUM_CONVERSION = YES;
				CLANG_WARN_INFINITE_RECURSION = YES;
				CLANG_WARN_INT_CONVERSION = YES;
				CLANG_WARN_OBJC_ROOT_CLASS = YES_ERROR;
				CLANG_WARN_SUSPICIOUS_MOVES = YES;
				CLANG_WARN_UNREACHABLE_CODE = YES;
				CLANG_WARN__DUPLICATE_METHOD_MATCH = YES;
				CODE_SIGN_IDENTITY = "-";
				COPY_PHASE_STRIP = NO;
				DEBUG_INFORMATION_FORMAT = "dwarf-with-dsym";
				ENABLE_NS_ASSERTIONS = NO;
				ENABLE_STRICT_OBJC_MSGSEND = YES;
				GCC_C_LANGUAGE_STANDARD = gnu99;
				GCC_NO_COMMON_BLOCKS = YES;
				GCC_WARN_64_TO_32_BIT_CONVERSION = YES;
				GCC_WARN_ABOUT_RETURN_TYPE = YES_ERROR;
				GCC_WARN_UNDECLARED_SELECTOR = YES;
				GCC_WARN_UNINITIALIZED_AUTOS = YES_AGGRESSIVE;
				GCC_WARN_UNUSED_FUNCTION = YES;
				GCC_WARN_UNUSED_VARIABLE = YES;
				MACOSX_DEPLOYMENT_TARGET = 10.12;
				MTL_ENABLE_DEBUG_INFO = NO;
				OTHER_CPLUSPLUSFLAGS = "-I$(PROJECT_DIR)";
				SDKROOT = macosx;
			};
			name = Release;
		};
		989E5E9D1E5BA3560035F33D /* Debug */ = {
			isa = XCBuildConfiguration;
			buildSettings = {
				PRODUCT_NAME = "$(TARGET_NAME)";
			};
			name = Debug;
		};
		989E5E9E1E5BA3560035F33D /* Release */ = {
			isa = XCBuildConfiguration;
			buildSettings = {
				PRODUCT_NAME = "$(TARGET_NAME)";
			};
			name = Release;
		};
/* End XCBuildConfiguration section */

/* Begin XCConfigurationList section */
		989E5E901E5BA3560035F33D /* Build configuration list for PBXProject "FSU Wordsmith" */ = {
			isa = XCConfigurationList;
			buildConfigurations = (
				989E5E9A1E5BA3560035F33D /* Debug */,
				989E5E9B1E5BA3560035F33D /* Release */,
			);
			defaultConfigurationIsVisible = 0;
			defaultConfigurationName = Release;
		};
		989E5E9C1E5BA3560035F33D /* Build configuration list for PBXNativeTarget "FSU Wordsmith" */ = {
			isa = XCConfigurationList;
			buildConfigurations = (
				989E5E9D1E5BA3560035F33D /* Debug */,
				989E5E9E1E5BA3560035F33D /* Release */,
			);
			defaultConfigurationIsVisible = 0;
			defaultConfigurationName = Release;
		};
/* End XCConfigurationList section */
	};
	rootObject = 989E5E8D1E5BA3560035F33D /* Project object */;
}
